
Microsoft Visual Studio Solution File, Format Version 12.00
# Visual Studio Version 17
VisualStudioVersion = 17.8.34330.188
MinimumVisualStudioVersion = 10.0.40219.1
Project("{FAE04EC0-301F-11D3-BF4B-00C04F79EFBC}") = "Modulo02", "Modulo02\Modulo02.csproj", "{7CEC2AC2-E6A2-46D2-9890-CF1591522171}"
EndProject
Global
	GlobalSection(SolutionConfigurationPlatforms) = preSolution
		Debug|Any CPU = Debug|Any CPU
		Release|Any CPU = Release|Any CPU
	EndGlobalSection
	GlobalSection(ProjectConfigurationPlatforms) = postSolution
		{7CEC2AC2-E6A2-46D2-9890-CF1591522171}.Debug|Any CPU.ActiveCfg = Debug|Any CPU
		{7CEC2AC2-E6A2-46D2-9890-CF1591522171}.Debug|Any CPU.Build.0 = Debug|Any CPU
		{7CEC2AC2-E6A2-46D2-9890-CF1591522171}.Release|Any CPU.ActiveCfg = Release|Any CPU
		{7CEC2AC2-E6A2-46D2-9890-CF1591522171}.Release|Any CPU.Build.0 = Release|Any CPU
	EndGlobalSection
	GlobalSection(SolutionProperties) = preSolution
		HideSolutionNode = FALSE
	EndGlobalSection
	GlobalSection(ExtensibilityGlobals) = postSolution
		SolutionGuid = {3CEDE87A-2A5D-4E1F-A5F6-AC4673A7A26B}
	EndGlobalSection
EndGlobal
